
Microsoft Visual Studio Solution File, Format Version 11.00
# Visual Studio 2010
Project("{FAE04EC0-301F-11D3-BF4B-00C04F79EFBC}") = "AISIM", "Assembly-CSharp.csproj", "{87B8C984-261E-AF77-F8A4-BF060338BFB2}"
EndProject
Project("{FAE04EC0-301F-11D3-BF4B-00C04F79EFBC}") = "AISIM", "Assembly-CSharp-Editor.csproj", "{ECC47784-74B0-223E-A4C9-402072695812}"
EndProject
Global
	GlobalSection(SolutionConfigurationPlatforms) = preSolution
		Debug|Any CPU = Debug|Any CPU
		Release|Any CPU = Release|Any CPU
	EndGlobalSection
	GlobalSection(ProjectConfigurationPlatforms) = postSolution
		{87B8C984-261E-AF77-F8A4-BF060338BFB2}.Debug|Any CPU.ActiveCfg = Debug|Any CPU
		{87B8C984-261E-AF77-F8A4-BF060338BFB2}.Debug|Any CPU.Build.0 = Debug|Any CPU
		{87B8C984-261E-AF77-F8A4-BF060338BFB2}.Release|Any CPU.ActiveCfg = Release|Any CPU
		{87B8C984-261E-AF77-F8A4-BF060338BFB2}.Release|Any CPU.Build.0 = Release|Any CPU
		{ECC47784-74B0-223E-A4C9-402072695812}.Debug|Any CPU.ActiveCfg = Debug|Any CPU
		{ECC47784-74B0-223E-A4C9-402072695812}.Debug|Any CPU.Build.0 = Debug|Any CPU
		{ECC47784-74B0-223E-A4C9-402072695812}.Release|Any CPU.ActiveCfg = Release|Any CPU
		{ECC47784-74B0-223E-A4C9-402072695812}.Release|Any CPU.Build.0 = Release|Any CPU
	EndGlobalSection
	GlobalSection(SolutionProperties) = preSolution
		HideSolutionNode = FALSE
	EndGlobalSection
	GlobalSection(MonoDevelopProperties) = preSolution
		StartupItem = Assembly-CSharp.csproj
	EndGlobalSection
EndGlobal
